{
  "name": "plagscan",
  "lockfileVersion": 3,
  "requires": true,
  "packages": {
    "": {
      "dependencies": {
        "@angular/common": "^13.3.9",
        "@angular/core": "^13.3.9",
        "@angular/forms": "^13.3.9",
        "@angular/material": "^13.3.9",
        "@angular/platform-browser": "^13.3.9",
        "@copyleaks/plagiarism-report": "^4.1.28",
        "chart.js": "^4.4.4",
        "jquery": "^3.7.1",
        "moment": "^2.30.1",
        "underscore": "^1.13.7"
      }
    },
    "node_modules/@angular/common": {
      "version": "13.4.0",
      "resolved": "https://registry.npmjs.org/@angular/common/-/common-13.4.0.tgz",
      "integrity": "sha512-DHbPqRaxW7GmnkxqZaaasgC5OaFTeTBrmr7MJUsqsSGePHWuJYWU4QS3Fn86zd/VESJgBGmq2aCDEUmzfjnRQA==",
      "license": "MIT",
      "dependencies": {
        "tslib": "^2.3.0"
      },
      "engines": {
        "node": "^12.20.0 || ^14.15.0 || >=16.10.0"
      },
      "peerDependencies": {
        "@angular/core": "13.4.0",
        "rxjs": "^6.5.3 || ^7.4.0"
      }
    },
    "node_modules/@angular/common/node_modules/tslib": {
      "version": "2.7.0",
      "resolved": "https://registry.npmjs.org/tslib/-/tslib-2.7.0.tgz",
      "integrity": "sha512-gLXCKdN1/j47AiHiOkJN69hJmcbGTHI0ImLmbYLHykhgeN0jVGola9yVjFgzCUklsZQMW55o+dW7IXv3RCXDzA==",
      "license": "0BSD"
    },
    "node_modules/@angular/core": {
      "version": "13.4.0",
      "resolved": "https://registry.npmjs.org/@angular/core/-/core-13.4.0.tgz",
      "integrity": "sha512-RE9KL7pRj+3lkJjdSR2uKmqiG0gqjnoVCMbSLG93pWrmzNIhElmlkiDaK39aMHGl836dc68Usv9CEisyVnRqHQ==",
      "license": "MIT",
      "dependencies": {
        "tslib": "^2.3.0"
      },
      "engines": {
        "node": "^12.20.0 || ^14.15.0 || >=16.10.0"
      },
      "peerDependencies": {
        "rxjs": "^6.5.3 || ^7.4.0",
        "zone.js": "~0.11.4"
      }
    },
    "node_modules/@angular/core/node_modules/tslib": {
      "version": "2.7.0",
      "resolved": "https://registry.npmjs.org/tslib/-/tslib-2.7.0.tgz",
      "integrity": "sha512-gLXCKdN1/j47AiHiOkJN69hJmcbGTHI0ImLmbYLHykhgeN0jVGola9yVjFgzCUklsZQMW55o+dW7IXv3RCXDzA==",
      "license": "0BSD"
    },
    "node_modules/@angular/forms": {
      "version": "13.4.0",
      "resolved": "https://registry.npmjs.org/@angular/forms/-/forms-13.4.0.tgz",
      "integrity": "sha512-vWd438sPlESLAv+cPFEZwF5aa8cF9Gt9zofLe3Ep9v9YIv2naVkv7pxCu0KFyvbBHAT7THbZfyypuvYsYNI3rw==",
      "license": "MIT",
      "dependencies": {
        "tslib": "^2.3.0"
      },
      "engines": {
        "node": "^12.20.0 || ^14.15.0 || >=16.10.0"
      },
      "peerDependencies": {
        "@angular/common": "13.4.0",
        "@angular/core": "13.4.0",
        "@angular/platform-browser": "13.4.0",
        "rxjs": "^6.5.3 || ^7.4.0"
      }
    },
    "node_modules/@angular/forms/node_modules/tslib": {
      "version": "2.7.0",
      "resolved": "https://registry.npmjs.org/tslib/-/tslib-2.7.0.tgz",
      "integrity": "sha512-gLXCKdN1/j47AiHiOkJN69hJmcbGTHI0ImLmbYLHykhgeN0jVGola9yVjFgzCUklsZQMW55o+dW7IXv3RCXDzA==",
      "license": "0BSD"
    },
    "node_modules/@angular/material": {
      "version": "13.3.9",
      "resolved": "https://registry.npmjs.org/@angular/material/-/material-13.3.9.tgz",
      "integrity": "sha512-FU8lcMgo+AL8ckd27B4V097ZPoIZNRHiCe3wpgkImT1qC0YwcyXZVn0MqQTTFSdC9a/aI8wPm3AbTClJEVw5Vw==",
      "license": "MIT",
      "dependencies": {
        "tslib": "^2.3.0"
      },
      "peerDependencies": {
        "@angular/animations": "^13.0.0 || ^14.0.0-0",
        "@angular/cdk": "13.3.9",
        "@angular/common": "^13.0.0 || ^14.0.0-0",
        "@angular/core": "^13.0.0 || ^14.0.0-0",
        "@angular/forms": "^13.0.0 || ^14.0.0-0",
        "@angular/platform-browser": "^13.0.0 || ^14.0.0-0",
        "rxjs": "^6.5.3 || ^7.4.0"
      }
    },
    "node_modules/@angular/material/node_modules/tslib": {
      "version": "2.7.0",
      "resolved": "https://registry.npmjs.org/tslib/-/tslib-2.7.0.tgz",
      "integrity": "sha512-gLXCKdN1/j47AiHiOkJN69hJmcbGTHI0ImLmbYLHykhgeN0jVGola9yVjFgzCUklsZQMW55o+dW7IXv3RCXDzA==",
      "license": "0BSD"
    },
    "node_modules/@angular/platform-browser": {
      "version": "13.4.0",
      "resolved": "https://registry.npmjs.org/@angular/platform-browser/-/platform-browser-13.4.0.tgz",
      "integrity": "sha512-kq4TpdkSS0Z/7ToFzWhyBbh4Ai1uOKFVdL9/TAm19dLnYNIInrN3KYW6GRxZ+pkJJA9Vkq4NtgcxysQ42VFotA==",
      "license": "MIT",
      "dependencies": {
        "tslib": "^2.3.0"
      },
      "engines": {
        "node": "^12.20.0 || ^14.15.0 || >=16.10.0"
      },
      "peerDependencies": {
        "@angular/animations": "13.4.0",
        "@angular/common": "13.4.0",
        "@angular/core": "13.4.0"
      },
      "peerDependenciesMeta": {
        "@angular/animations": {
          "optional": true
        }
      }
    },
    "node_modules/@angular/platform-browser/node_modules/tslib": {
      "version": "2.7.0",
      "resolved": "https://registry.npmjs.org/tslib/-/tslib-2.7.0.tgz",
      "integrity": "sha512-gLXCKdN1/j47AiHiOkJN69hJmcbGTHI0ImLmbYLHykhgeN0jVGola9yVjFgzCUklsZQMW55o+dW7IXv3RCXDzA==",
      "license": "0BSD"
    },
    "node_modules/@copyleaks/plagiarism-report": {
      "version": "4.1.28",
      "resolved": "https://registry.npmjs.org/@copyleaks/plagiarism-report/-/plagiarism-report-4.1.28.tgz",
      "integrity": "sha512-E7+j8dzULqJnEM6oW4XlAKZW5yLup3QfEKpenTZptllov8ZK+RsRDkNLte00SyqRmfme5ZtDxinIowr/iIyy0A==",
      "license": "SEE LICENSE IN LICENSE.md",
      "dependencies": {
        "tslib": "^2.3.0"
      },
      "peerDependencies": {
        "@angular/common": "^13.1.1",
        "@angular/core": "^13.1.1",
        "@angular/flex-layout": "^13.0.0-beta.36",
        "@angular/material": "^13.1.1",
        "@ncstate/sat-popover": "^4.0.0",
        "@swimlane/ngx-charts": "^14.0.0",
        "deep-equal": "^1.1.1",
        "ngx-skeleton-loader": "^1.2.7",
        "ngx-virtual-scroller": "^4.0.3",
        "scroll-into-view-if-needed": "^2.2.28"
      }
    },
    "node_modules/@copyleaks/plagiarism-report/node_modules/tslib": {
      "version": "2.7.0",
      "resolved": "https://registry.npmjs.org/tslib/-/tslib-2.7.0.tgz",
      "integrity": "sha512-gLXCKdN1/j47AiHiOkJN69hJmcbGTHI0ImLmbYLHykhgeN0jVGola9yVjFgzCUklsZQMW55o+dW7IXv3RCXDzA==",
      "license": "0BSD"
    },
    "node_modules/@kurkle/color": {
      "version": "0.3.2",
      "resolved": "https://registry.npmjs.org/@kurkle/color/-/color-0.3.2.tgz",
      "integrity": "sha512-fuscdXJ9G1qb7W8VdHi+IwRqij3lBkosAm4ydQtEmbY58OzHXqQhvlxqEkoz0yssNVn38bcpRWgA9PP+OGoisw==",
      "license": "MIT"
    },
    "node_modules/chart.js": {
      "version": "4.4.4",
      "resolved": "https://registry.npmjs.org/chart.js/-/chart.js-4.4.4.tgz",
      "integrity": "sha512-emICKGBABnxhMjUjlYRR12PmOXhJ2eJjEHL2/dZlWjxRAZT1D8xplLFq5M0tMQK8ja+wBS/tuVEJB5C6r7VxJA==",
      "license": "MIT",
      "dependencies": {
        "@kurkle/color": "^0.3.0"
      },
      "engines": {
        "pnpm": ">=8"
      }
    },
    "node_modules/jquery": {
      "version": "3.7.1",
      "resolved": "https://registry.npmjs.org/jquery/-/jquery-3.7.1.tgz",
      "integrity": "sha512-m4avr8yL8kmFN8psrbFFFmB/If14iN5o9nw/NgnnM+kybDJpRsAynV2BsfpTYrTRysYUdADVD7CkUUizgkpLfg==",
      "license": "MIT"
    },
    "node_modules/moment": {
      "version": "2.30.1",
      "resolved": "https://registry.npmjs.org/moment/-/moment-2.30.1.tgz",
      "integrity": "sha512-uEmtNhbDOrWPFS+hdjFCBfy9f2YoyzRpwcl+DqpC6taX21FzsTLQVbMV/W7PzNSX6x/bhC1zA3c2UQ5NzH6how==",
      "license": "MIT",
      "engines": {
        "node": "*"
      }
    },
    "node_modules/underscore": {
      "version": "1.13.7",
      "resolved": "https://registry.npmjs.org/underscore/-/underscore-1.13.7.tgz",
      "integrity": "sha512-GMXzWtsc57XAtguZgaQViUOzs0KTkk8ojr3/xAxXLITqf/3EMwxC0inyETfDFjH/Krbhuep0HNbbjI9i/q3F3g==",
      "license": "MIT"
    }
  }
}
